github.com/mgr9525/HyperByte-Transfer-Protocol v1.0.0/go.mod h1:U2OZ06VD1PHu3ZLZ8tuEHooaOZnoke/4ZKAZfL44bUQ=
github.com/mgr9525/HyperByte-Transfer-Protocol v1.0.1 h1:FJbyJEeDe8Jv3sRAbaFBuugGe1jDRbbsiSElqkWJZGo=
github.com/mgr9525/HyperByte-Transfer-Protocol v1.0.1/go.mod h1:U2OZ06VD1PHu3ZLZ8tuEHooaOZnoke/4ZKAZfL44bUQ=
github.com/mgr9525/HyperByte-Transfer-Protocol v1.1.0 h1:2IbEqjfC5gowAiIfCk3/Ufop0MSyOw+GLnpswjClwJQ=
github.com/mgr9525/HyperByte-Transfer-Protocol v1.1.0/go.mod h1:U2OZ06VD1PHu3ZLZ8tuEHooaOZnoke/4ZKAZfL44bUQ=
github.com/mgr9525/HyperByte-Transfer-Protocol v1.1.1 h1:9XIbhI4vejkqdUZrPYGM/2EKTTkCKyeYt8NHWnjjcrQ=
github.com/mgr9525/HyperByte-Transfer-Protocol v1.1.1/go.mod h1:U2OZ06VD1PHu3ZLZ8tuEHooaOZnoke/4ZKAZfL44bUQ=
github.com/mgr9525/HyperByte-Transfer-Protocol v1.1.2 h1:mzG2mqauBXQ/NqQ4XFogu2CJawyYMvul0HF+7/5sU+c=
github.com/mgr9525/HyperByte-Transfer-Protocol v1.1.2/go.mod h1:U2OZ06VD1PHu3ZLZ8tuEHooaOZnoke/4ZKAZfL44bUQ=
github.com/yggworldtree/go-core v0.0.0-20210617095351-1d4baffdc920 h1:ptGcdo9Pudw2tDrwuBcEU16RAQOw9rgAH08BE+i9M/g=
github.com/yggworldtree/go-core v0.0.0-20210617095351-1d4baffdc920/go.mod h1:i6BUXV0vow2SYzr04qZJzGOSfSWAQtZunWFp72udCA0=
github.com/yggworldtree/go-core v0.0.0-20210618024140-5dd5d4bef75a h1:8XmcVfkA4bzHUyRCmDqYzzEIQF6nZglcpdSiUf8ylaE=
github.com/yggworldtree/go-core v0.0.0-20210618024140-5dd5d4bef75a/go.mod h1:i6BUXV0vow2SYzr04qZJzGOSfSWAQtZunWFp72udCA0=
github.com/yggworldtree/go-core v0.0.0-20210618024304-c534fc8e5e79 h1:vH8kUCZosP3yvDpt5OektQ4COF+PMkFNggKL+ifscnQ=
github.com/yggworldtree/go-core v0.0.0-20210618024304-c534fc8e5e79/go.mod h1:i6BUXV0vow2SYzr04qZJzGOSfSWAQtZunWFp72udCA0=
github.com/yggworldtree/go-core v0.0.0-20210618043048-73c5cf09420d h1:rZW7T19nbv7Y7K3M3d+WPqS5orADScdebjFdAFXkMcI=
github.com/yggworldtree/go-core v0.0.0-20210618043048-73c5cf09420d/go.mod h1:i6BUXV0vow2SYzr04qZJzGOSfSWAQtZunWFp72udCA0=
