github.com/mgr9525/HyperByte-Transfer-Protocol v1.0.0/go.mod h1:U2OZ06VD1PHu3ZLZ8tuEHooaOZnoke/4ZKAZfL44bUQ=
github.com/mgr9525/HyperByte-Transfer-Protocol v1.0.1 h1:FJbyJEeDe8Jv3sRAbaFBuugGe1jDRbbsiSElqkWJZGo=
github.com/mgr9525/HyperByte-Transfer-Protocol v1.0.1/go.mod h1:U2OZ06VD1PHu3ZLZ8tuEHooaOZnoke/4ZKAZfL44bUQ=
