github.com/mgr9525/HyperByte-Transfer-Protocol v1.0.0/go.mod h1:U2OZ06VD1PHu3ZLZ8tuEHooaOZnoke/4ZKAZfL44bUQ=
github.com/mgr9525/HyperByte-Transfer-Protocol v1.0.1-0.20210613033001-fa13741a3027 h1:XzTu6pttm4/KlVoqwIQnSCVnxFoiGONw/eSYT1PM5g8=
github.com/mgr9525/HyperByte-Transfer-Protocol v1.0.1-0.20210613033001-fa13741a3027/go.mod h1:U2OZ06VD1PHu3ZLZ8tuEHooaOZnoke/4ZKAZfL44bUQ=
